
Microsoft Visual Studio Solution File, Format Version 12.00
# Visual Studio Version 16
VisualStudioVersion = 16.0.31515.178
MinimumVisualStudioVersion = 10.0.40219.1
Project("{FAE04EC0-301F-11D3-BF4B-00C04F79EFBC}") = "WebCertificates", "WebCertificates\WebCertificates.csproj", "{CC7793FA-B428-477D-B906-081ABDD7FC8B}"
EndProject
Global
	GlobalSection(SolutionConfigurationPlatforms) = preSolution
		Debug|Any CPU = Debug|Any CPU
		Release|Any CPU = Release|Any CPU
	EndGlobalSection
	GlobalSection(ProjectConfigurationPlatforms) = postSolution
		{CC7793FA-B428-477D-B906-081ABDD7FC8B}.Debug|Any CPU.ActiveCfg = Debug|Any CPU
		{CC7793FA-B428-477D-B906-081ABDD7FC8B}.Debug|Any CPU.Build.0 = Debug|Any CPU
		{CC7793FA-B428-477D-B906-081ABDD7FC8B}.Release|Any CPU.ActiveCfg = Release|Any CPU
		{CC7793FA-B428-477D-B906-081ABDD7FC8B}.Release|Any CPU.Build.0 = Release|Any CPU
	EndGlobalSection
	GlobalSection(SolutionProperties) = preSolution
		HideSolutionNode = FALSE
	EndGlobalSection
	GlobalSection(ExtensibilityGlobals) = postSolution
		SolutionGuid = {AE550F21-6828-428C-AA84-90CADCC712FB}
	EndGlobalSection
EndGlobal
